// !$*UTF8*$!
{
	archiveVersion = 1;
	classes = {
	};
	objectVersion = 46;
	objects = {

/* Begin PBXBuildFile section */
		1FCACB031D2069A7009C507F /* AppDelegate.swift in Sources */ = {isa = PBXBuildFile; fileRef = 1FCACB021D2069A7009C507F /* AppDelegate.swift */; };
		1FCACB051D2069A7009C507F /* ViewController.swift in Sources */ = {isa = PBXBuildFile; fileRef = 1FCACB041D2069A7009C507F /* ViewController.swift */; };
		1FCACB081D2069A7009C507F /* Main.storyboard in Resources */ = {isa = PBXBuildFile; fileRef = 1FCACB061D2069A7009C507F /* Main.storyboard */; };
		1FCACB0A1D2069A7009C507F /* Assets.xcassets in Resources */ = {isa = PBXBuildFile; fileRef = 1FCACB091D2069A7009C507F /* Assets.xcassets */; };
		1FCACB0D1D2069A7009C507F /* LaunchScreen.storyboard in Resources */ = {isa = PBXBuildFile; fileRef = 1FCACB0B1D2069A7009C507F /* LaunchScreen.storyboard */; };
		1FCACB1C1D209B3D009C507F /* confirmRes.swift in Sources */ = {isa = PBXBuildFile; fileRef = 1FCACB1B1D209B3D009C507F /* confirmRes.swift */; };
		1FCACB1E1D209F47009C507F /* seleMasa.swift in Sources */ = {isa = PBXBuildFile; fileRef = 1FCACB1D1D209F47009C507F /* seleMasa.swift */; };
		1FCACB211D209F90009C507F /* seleQueso.swift in Sources */ = {isa = PBXBuildFile; fileRef = 1FCACB201D209F90009C507F /* seleQueso.swift */; };
		1FCACB231D209FBE009C507F /* seleIngredientes.swift in Sources */ = {isa = PBXBuildFile; fileRef = 1FCACB221D209FBE009C507F /* seleIngredientes.swift */; };
		1FCACB251D20A00D009C507F /* resPizza.swift in Sources */ = {isa = PBXBuildFile; fileRef = 1FCACB241D20A00D009C507F /* resPizza.swift */; };
/* End PBXBuildFile section */

/* Begin PBXFileReference section */
		1FCACAFF1D2069A7009C507F /* Pizza.app */ = {isa = PBXFileReference; explicitFileType = wrapper.application; includeInIndex = 0; path = Pizza.app; sourceTree = BUILT_PRODUCTS_DIR; };
		1FCACB021D2069A7009C507F /* AppDelegate.swift */ = {isa = PBXFileReference; lastKnownFileType = sourcecode.swift; path = AppDelegate.swift; sourceTree = "<group>"; };
		1FCACB041D2069A7009C507F /* ViewController.swift */ = {isa = PBXFileReference; lastKnownFileType = sourcecode.swift; path = ViewController.swift; sourceTree = "<group>"; };
		1FCACB071D2069A7009C507F /* Base */ = {isa = PBXFileReference; lastKnownFileType = file.storyboard; name = Base; path = Base.lproj/Main.storyboard; sourceTree = "<group>"; };
		1FCACB091D2069A7009C507F /* Assets.xcassets */ = {isa = PBXFileReference; lastKnownFileType = folder.assetcatalog; path = Assets.xcassets; sourceTree = "<group>"; };
		1FCACB0C1D2069A7009C507F /* Base */ = {isa = PBXFileReference; lastKnownFileType = file.storyboard; name = Base; path = Base.lproj/LaunchScreen.storyboard; sourceTree = "<group>"; };
		1FCACB0E1D2069A7009C507F /* Info.plist */ = {isa = PBXFileReference; lastKnownFileType = text.plist.xml; path = Info.plist; sourceTree = "<group>"; };
		1FCACB1B1D209B3D009C507F /* confirmRes.swift */ = {isa = PBXFileReference; fileEncoding = 4; lastKnownFileType = sourcecode.swift; path = confirmRes.swift; sourceTree = "<group>"; };
		1FCACB1D1D209F47009C507F /* seleMasa.swift */ = {isa = PBXFileReference; fileEncoding = 4; lastKnownFileType = sourcecode.swift; path = seleMasa.swift; sourceTree = "<group>"; };
		1FCACB201D209F90009C507F /* seleQueso.swift */ = {isa = PBXFileReference; fileEncoding = 4; lastKnownFileType = sourcecode.swift; path = seleQueso.swift; sourceTree = "<group>"; };
		1FCACB221D209FBE009C507F /* seleIngredientes.swift */ = {isa = PBXFileReference; fileEncoding = 4; lastKnownFileType = sourcecode.swift; path = seleIngredientes.swift; sourceTree = "<group>"; };
		1FCACB241D20A00D009C507F /* resPizza.swift */ = {isa = PBXFileReference; fileEncoding = 4; lastKnownFileType = sourcecode.swift; path = resPizza.swift; sourceTree = "<group>"; };
/* End PBXFileReference section */

/* Begin PBXFrameworksBuildPhase section */
		1FCACAFC1D2069A7009C507F /* Frameworks */ = {
			isa = PBXFrameworksBuildPhase;
			buildActionMask = 2147483647;
			files = (
			);
			runOnlyForDeploymentPostprocessing = 0;
		};
/* End PBXFrameworksBuildPhase section */

/* Begin PBXGroup section */
		1FCACAF61D2069A7009C507F = {
			isa = PBXGroup;
			children = (
				1FCACB011D2069A7009C507F /* Pizza */,
				1FCACB001D2069A7009C507F /* Products */,
			);
			sourceTree = "<group>";
		};
		1FCACB001D2069A7009C507F /* Products */ = {
			isa = PBXGroup;
			children = (
				1FCACAFF1D2069A7009C507F /* Pizza.app */,
			);
			name = Products;
			sourceTree = "<group>";
		};
		1FCACB011D2069A7009C507F /* Pizza */ = {
			isa = PBXGroup;
			children = (
				1FCACB021D2069A7009C507F /* AppDelegate.swift */,
				1FCACB041D2069A7009C507F /* ViewController.swift */,
				1FCACB061D2069A7009C507F /* Main.storyboard */,
				1FCACB091D2069A7009C507F /* Assets.xcassets */,
				1FCACB0B1D2069A7009C507F /* LaunchScreen.storyboard */,
				1FCACB0E1D2069A7009C507F /* Info.plist */,
				1FCACB1B1D209B3D009C507F /* confirmRes.swift */,
				1FCACB1D1D209F47009C507F /* seleMasa.swift */,
				1FCACB201D209F90009C507F /* seleQueso.swift */,
				1FCACB221D209FBE009C507F /* seleIngredientes.swift */,
				1FCACB241D20A00D009C507F /* resPizza.swift */,
			);
			path = Pizza;
			sourceTree = "<group>";
		};
/* End PBXGroup section */

/* Begin PBXNativeTarget section */
		1FCACAFE1D2069A7009C507F /* Pizza */ = {
			isa = PBXNativeTarget;
			buildConfigurationList = 1FCACB111D2069A7009C507F /* Build configuration list for PBXNativeTarget "Pizza" */;
			buildPhases = (
				1FCACAFB1D2069A7009C507F /* Sources */,
				1FCACAFC1D2069A7009C507F /* Frameworks */,
				1FCACAFD1D2069A7009C507F /* Resources */,
			);
			buildRules = (
			);
			dependencies = (
			);
			name = Pizza;
			productName = Pizza;
			productReference = 1FCACAFF1D2069A7009C507F /* Pizza.app */;
			productType = "com.apple.product-type.application";
		};
/* End PBXNativeTarget section */

/* Begin PBXProject section */
		1FCACAF71D2069A7009C507F /* Project object */ = {
			isa = PBXProject;
			attributes = {
				LastSwiftUpdateCheck = 0730;
				LastUpgradeCheck = 0730;
				ORGANIZATIONNAME = sucweb;
				TargetAttributes = {
					1FCACAFE1D2069A7009C507F = {
						CreatedOnToolsVersion = 7.3.1;
					};
				};
			};
			buildConfigurationList = 1FCACAFA1D2069A7009C507F /* Build configuration list for PBXProject "Pizza" */;
			compatibilityVersion = "Xcode 3.2";
			developmentRegion = English;
			hasScannedForEncodings = 0;
			knownRegions = (
				en,
				Base,
			);
			mainGroup = 1FCACAF61D2069A7009C507F;
			productRefGroup = 1FCACB001D2069A7009C507F /* Products */;
			projectDirPath = "";
			projectRoot = "";
			targets = (
				1FCACAFE1D2069A7009C507F /* Pizza */,
			);
		};
/* End PBXProject section */

/* Begin PBXResourcesBuildPhase section */
		1FCACAFD1D2069A7009C507F /* Resources */ = {
			isa = PBXResourcesBuildPhase;
			buildActionMask = 2147483647;
			files = (
				1FCACB0D1D2069A7009C507F /* LaunchScreen.storyboard in Resources */,
				1FCACB0A1D2069A7009C507F /* Assets.xcassets in Resources */,
				1FCACB081D2069A7009C507F /* Main.storyboard in Resources */,
			);
			runOnlyForDeploymentPostprocessing = 0;
		};
/* End PBXResourcesBuildPhase section */

/* Begin PBXSourcesBuildPhase section */
		1FCACAFB1D2069A7009C507F /* Sources */ = {
			isa = PBXSourcesBuildPhase;
			buildActionMask = 2147483647;
			files = (
				1FCACB251D20A00D009C507F /* resPizza.swift in Sources */,
				1FCACB051D2069A7009C507F /* ViewController.swift in Sources */,
				1FCACB031D2069A7009C507F /* AppDelegate.swift in Sources */,
				1FCACB211D209F90009C507F /* seleQueso.swift in Sources */,
				1FCACB231D209FBE009C507F /* seleIngredientes.swift in Sources */,
				1FCACB1E1D209F47009C507F /* seleMasa.swift in Sources */,
				1FCACB1C1D209B3D009C507F /* confirmRes.swift in Sources */,
			);
			runOnlyForDeploymentPostprocessing = 0;
		};
/* End PBXSourcesBuildPhase section */

/* Begin PBXVariantGroup section */
		1FCACB061D2069A7009C507F /* Main.storyboard */ = {
			isa = PBXVariantGroup;
			children = (
				1FCACB071D2069A7009C507F /* Base */,
			);
			name = Main.storyboard;
			sourceTree = "<group>";
		};
		1FCACB0B1D2069A7009C507F /* LaunchScreen.storyboard */ = {
			isa = PBXVariantGroup;
			children = (
				1FCACB0C1D2069A7009C507F /* Base */,
			);
			name = LaunchScreen.storyboard;
			sourceTree = "<group>";
		};
/* End PBXVariantGroup section */

/* Begin XCBuildConfiguration section */
		1FCACB0F1D2069A7009C507F /* Debug */ = {
			isa = XCBuildConfiguration;
			buildSettings = {
				ALWAYS_SEARCH_USER_PATHS = NO;
				CLANG_ANALYZER_NONNULL = YES;
				CLANG_CXX_LANGUAGE_STANDARD = "gnu++0x";
				CLANG_CXX_LIBRARY = "libc++";
				CLANG_ENABLE_MODULES = YES;
				CLANG_ENABLE_OBJC_ARC = YES;
				CLANG_WARN_BOOL_CONVERSION = YES;
				CLANG_WARN_CONSTANT_CONVERSION = YES;
				CLANG_WARN_DIRECT_OBJC_ISA_USAGE = YES_ERROR;
				CLANG_WARN_EMPTY_BODY = YES;
				CLANG_WARN_ENUM_CONVERSION = YES;
				CLANG_WARN_INT_CONVERSION = YES;
				CLANG_WARN_OBJC_ROOT_CLASS = YES_ERROR;
				CLANG_WARN_UNREACHABLE_CODE = YES;
				CLANG_WARN__DUPLICATE_METHOD_MATCH = YES;
				"CODE_SIGN_IDENTITY[sdk=iphoneos*]" = "iPhone Developer";
				COPY_PHASE_STRIP = NO;
				DEBUG_INFORMATION_FORMAT = dwarf;
				ENABLE_STRICT_OBJC_MSGSEND = YES;
				ENABLE_TESTABILITY = YES;
				GCC_C_LANGUAGE_STANDARD = gnu99;
				GCC_DYNAMIC_NO_PIC = NO;
				GCC_NO_COMMON_BLOCKS = YES;
				GCC_OPTIMIZATION_LEVEL = 0;
				GCC_PREPROCESSOR_DEFINITIONS = (
					"DEBUG=1",
					"$(inherited)",
				);
				GCC_WARN_64_TO_32_BIT_CONVERSION = YES;
				GCC_WARN_ABOUT_RETURN_TYPE = YES_ERROR;
				GCC_WARN_UNDECLARED_SELECTOR = YES;
				GCC_WARN_UNINITIALIZED_AUTOS = YES_AGGRESSIVE;
				GCC_WARN_UNUSED_FUNCTION = YES;
				GCC_WARN_UNUSED_VARIABLE = YES;
				IPHONEOS_DEPLOYMENT_TARGET = 9.3;
				MTL_ENABLE_DEBUG_INFO = YES;
				ONLY_ACTIVE_ARCH = YES;
				SDKROOT = iphoneos;
				SWIFT_OPTIMIZATION_LEVEL = "-Onone";
				TARGETED_DEVICE_FAMILY = "1,2";
			};
			name = Debug;
		};
		1FCACB101D2069A7009C507F /* Release */ = {
			isa = XCBuildConfiguration;
			buildSettings = {
				ALWAYS_SEARCH_USER_PATHS = NO;
				CLANG_ANALYZER_NONNULL = YES;
				CLANG_CXX_LANGUAGE_STANDARD = "gnu++0x";
				CLANG_CXX_LIBRARY = "libc++";
				CLANG_ENABLE_MODULES = YES;
				CLANG_ENABLE_OBJC_ARC = YES;
				CLANG_WARN_BOOL_CONVERSION = YES;
				CLANG_WARN_CONSTANT_CONVERSION = YES;
				CLANG_WARN_DIRECT_OBJC_ISA_USAGE = YES_ERROR;
				CLANG_WARN_EMPTY_BODY = YES;
				CLANG_WARN_ENUM_CONVERSION = YES;
				CLANG_WARN_INT_CONVERSION = YES;
				CLANG_WARN_OBJC_ROOT_CLASS = YES_ERROR;
				CLANG_WARN_UNREACHABLE_CODE = YES;
				CLANG_WARN__DUPLICATE_METHOD_MATCH = YES;
				"CODE_SIGN_IDENTITY[sdk=iphoneos*]" = "iPhone Developer";
				COPY_PHASE_STRIP = NO;
				DEBUG_INFORMATION_FORMAT = "dwarf-with-dsym";
				ENABLE_NS_ASSERTIONS = NO;
				ENABLE_STRICT_OBJC_MSGSEND = YES;
				GCC_C_LANGUAGE_STANDARD = gnu99;
				GCC_NO_COMMON_BLOCKS = YES;
				GCC_WARN_64_TO_32_BIT_CONVERSION = YES;
				GCC_WARN_ABOUT_RETURN_TYPE = YES_ERROR;
				GCC_WARN_UNDECLARED_SELECTOR = YES;
				GCC_WARN_UNINITIALIZED_AUTOS = YES_AGGRESSIVE;
				GCC_WARN_UNUSED_FUNCTION = YES;
				GCC_WARN_UNUSED_VARIABLE = YES;
				IPHONEOS_DEPLOYMENT_TARGET = 9.3;
				MTL_ENABLE_DEBUG_INFO = NO;
				SDKROOT = iphoneos;
				TARGETED_DEVICE_FAMILY = "1,2";
				VALIDATE_PRODUCT = YES;
			};
			name = Release;
		};
		1FCACB121D2069A7009C507F /* Debug */ = {
			isa = XCBuildConfiguration;
			buildSettings = {
				ASSETCATALOG_COMPILER_APPICON_NAME = AppIcon;
				INFOPLIST_FILE = Pizza/Info.plist;
				LD_RUNPATH_SEARCH_PATHS = "$(inherited) @executable_path/Frameworks";
				PRODUCT_BUNDLE_IDENTIFIER = com.sucweb.Pizza;
				PRODUCT_NAME = "$(TARGET_NAME)";
			};
			name = Debug;
		};
		1FCACB131D2069A7009C507F /* Release */ = {
			isa = XCBuildConfiguration;
			buildSettings = {
				ASSETCATALOG_COMPILER_APPICON_NAME = AppIcon;
				INFOPLIST_FILE = Pizza/Info.plist;
				LD_RUNPATH_SEARCH_PATHS = "$(inherited) @executable_path/Frameworks";
				PRODUCT_BUNDLE_IDENTIFIER = com.sucweb.Pizza;
				PRODUCT_NAME = "$(TARGET_NAME)";
			};
			name = Release;
		};
/* End XCBuildConfiguration section */

/* Begin XCConfigurationList section */
		1FCACAFA1D2069A7009C507F /* Build configuration list for PBXProject "Pizza" */ = {
			isa = XCConfigurationList;
			buildConfigurations = (
				1FCACB0F1D2069A7009C507F /* Debug */,
				1FCACB101D2069A7009C507F /* Release */,
			);
			defaultConfigurationIsVisible = 0;
			defaultConfigurationName = Release;
		};
		1FCACB111D2069A7009C507F /* Build configuration list for PBXNativeTarget "Pizza" */ = {
			isa = XCConfigurationList;
			buildConfigurations = (
				1FCACB121D2069A7009C507F /* Debug */,
				1FCACB131D2069A7009C507F /* Release */,
			);
			defaultConfigurationIsVisible = 0;
		};
/* End XCConfigurationList section */
	};
	rootObject = 1FCACAF71D2069A7009C507F /* Project object */;
}
